
Microsoft Visual Studio Solution File, Format Version 12.00
# Visual Studio Version 17
VisualStudioVersion = 17.4.33213.308
MinimumVisualStudioVersion = 10.0.40219.1
Project("{9A19103F-16F7-4668-BE54-9A1E7A4F7556}") = "DnDBeyondAPI", "DnDBeyondAPI.csproj", "{1B221C60-D44C-403D-83DB-269806018F1F}"
EndProject
Project("{9A19103F-16F7-4668-BE54-9A1E7A4F7556}") = "Data", "..\Data\Data.csproj", "{17F52264-82A0-45A5-9E55-E30C8F2774F7}"
EndProject
Project("{2150E333-8FDC-42A3-9474-1A3956D46DE8}") = "4. Infrastructure", "4. Infrastructure", "{FB0BC0BD-E637-4ADE-BBF3-73AFA245992C}"
EndProject
Project("{2150E333-8FDC-42A3-9474-1A3956D46DE8}") = "1. WebApi", "1. WebApi", "{8BB52108-DE7C-409E-A01D-8DFC8EAA0649}"
EndProject
Project("{2150E333-8FDC-42A3-9474-1A3956D46DE8}") = "2. Service", "2. Service", "{D3177C9F-AFCD-4E25-8B73-81751E8ABB40}"
EndProject
Project("{2150E333-8FDC-42A3-9474-1A3956D46DE8}") = "3. Domain", "3. Domain", "{C5BF242A-60C2-4D86-95B9-834A35E465E6}"
EndProject
Project("{2150E333-8FDC-42A3-9474-1A3956D46DE8}") = "5. Test", "5. Test", "{9189DB16-4669-4179-8182-A37E4FFE7990}"
EndProject
Project("{9A19103F-16F7-4668-BE54-9A1E7A4F7556}") = "Services", "..\Services\Services.csproj", "{C5CCED05-B186-4669-93B8-4B6641B76466}"
EndProject
Project("{FAE04EC0-301F-11D3-BF4B-00C04F79EFBC}") = "Dtos", "..\Dtos\Dtos.csproj", "{C8B50155-17DA-4177-ADBA-168FC75E61C6}"
EndProject
Global
	GlobalSection(SolutionConfigurationPlatforms) = preSolution
		Debug|Any CPU = Debug|Any CPU
		Release|Any CPU = Release|Any CPU
	EndGlobalSection
	GlobalSection(ProjectConfigurationPlatforms) = postSolution
		{1B221C60-D44C-403D-83DB-269806018F1F}.Debug|Any CPU.ActiveCfg = Debug|Any CPU
		{1B221C60-D44C-403D-83DB-269806018F1F}.Debug|Any CPU.Build.0 = Debug|Any CPU
		{1B221C60-D44C-403D-83DB-269806018F1F}.Release|Any CPU.ActiveCfg = Release|Any CPU
		{1B221C60-D44C-403D-83DB-269806018F1F}.Release|Any CPU.Build.0 = Release|Any CPU
		{17F52264-82A0-45A5-9E55-E30C8F2774F7}.Debug|Any CPU.ActiveCfg = Debug|Any CPU
		{17F52264-82A0-45A5-9E55-E30C8F2774F7}.Debug|Any CPU.Build.0 = Debug|Any CPU
		{17F52264-82A0-45A5-9E55-E30C8F2774F7}.Release|Any CPU.ActiveCfg = Release|Any CPU
		{17F52264-82A0-45A5-9E55-E30C8F2774F7}.Release|Any CPU.Build.0 = Release|Any CPU
		{C5CCED05-B186-4669-93B8-4B6641B76466}.Debug|Any CPU.ActiveCfg = Debug|Any CPU
		{C5CCED05-B186-4669-93B8-4B6641B76466}.Debug|Any CPU.Build.0 = Debug|Any CPU
		{C5CCED05-B186-4669-93B8-4B6641B76466}.Release|Any CPU.ActiveCfg = Release|Any CPU
		{C5CCED05-B186-4669-93B8-4B6641B76466}.Release|Any CPU.Build.0 = Release|Any CPU
		{C8B50155-17DA-4177-ADBA-168FC75E61C6}.Debug|Any CPU.ActiveCfg = Debug|Any CPU
		{C8B50155-17DA-4177-ADBA-168FC75E61C6}.Debug|Any CPU.Build.0 = Debug|Any CPU
		{C8B50155-17DA-4177-ADBA-168FC75E61C6}.Release|Any CPU.ActiveCfg = Release|Any CPU
		{C8B50155-17DA-4177-ADBA-168FC75E61C6}.Release|Any CPU.Build.0 = Release|Any CPU
	EndGlobalSection
	GlobalSection(SolutionProperties) = preSolution
		HideSolutionNode = FALSE
	EndGlobalSection
	GlobalSection(NestedProjects) = preSolution
		{1B221C60-D44C-403D-83DB-269806018F1F} = {8BB52108-DE7C-409E-A01D-8DFC8EAA0649}
		{17F52264-82A0-45A5-9E55-E30C8F2774F7} = {FB0BC0BD-E637-4ADE-BBF3-73AFA245992C}
		{C5CCED05-B186-4669-93B8-4B6641B76466} = {D3177C9F-AFCD-4E25-8B73-81751E8ABB40}
		{C8B50155-17DA-4177-ADBA-168FC75E61C6} = {D3177C9F-AFCD-4E25-8B73-81751E8ABB40}
	EndGlobalSection
	GlobalSection(ExtensibilityGlobals) = postSolution
		SolutionGuid = {4A6F7FD4-FF5D-47D5-8107-4035272B169D}
	EndGlobalSection
EndGlobal
