
Microsoft Visual Studio Solution File, Format Version 12.00
# Visual Studio Version 17
VisualStudioVersion = 17.4.33213.308
MinimumVisualStudioVersion = 10.0.40219.1
Project("{2150E333-8FDC-42A3-9474-1A3956D46DE8}") = "1. WebApi", "1. WebApi", "{8BB52108-DE7C-409E-A01D-8DFC8EAA0649}"
EndProject
Project("{2150E333-8FDC-42A3-9474-1A3956D46DE8}") = "2. Service", "2. Service", "{D3177C9F-AFCD-4E25-8B73-81751E8ABB40}"
EndProject
Project("{2150E333-8FDC-42A3-9474-1A3956D46DE8}") = "5. Test", "5. Test", "{9189DB16-4669-4179-8182-A37E4FFE7990}"
EndProject
Project("{2150E333-8FDC-42A3-9474-1A3956D46DE8}") = "4. Data", "4. Data", "{F92F513F-1A1A-4971-AE63-3A125B5A35A4}"
EndProject
Project("{9A19103F-16F7-4668-BE54-9A1E7A4F7556}") = "Data", "4. Data\Data\Data.csproj", "{E4A0CFC3-B095-45DD-A174-7728C0180882}"
EndProject
Project("{9A19103F-16F7-4668-BE54-9A1E7A4F7556}") = "Services", "2. Service\Services\Services.csproj", "{6684B0B8-7A1F-45A5-9F04-717C57407F18}"
EndProject
Project("{9A19103F-16F7-4668-BE54-9A1E7A4F7556}") = "Dtos", "2. Service\Dtos\Dtos.csproj", "{2FD1F2A6-2320-44A3-8303-7F577179F113}"
EndProject
Project("{FAE04EC0-301F-11D3-BF4B-00C04F79EFBC}") = "DnDBeyondApi", "WebApplication1\DnDBeyondApi.csproj", "{CCC6B15D-98EA-4642-AB0B-B2B171250362}"
EndProject
Global
	GlobalSection(SolutionConfigurationPlatforms) = preSolution
		Debug|Any CPU = Debug|Any CPU
		Release|Any CPU = Release|Any CPU
	EndGlobalSection
	GlobalSection(ProjectConfigurationPlatforms) = postSolution
		{E4A0CFC3-B095-45DD-A174-7728C0180882}.Debug|Any CPU.ActiveCfg = Debug|Any CPU
		{E4A0CFC3-B095-45DD-A174-7728C0180882}.Debug|Any CPU.Build.0 = Debug|Any CPU
		{E4A0CFC3-B095-45DD-A174-7728C0180882}.Release|Any CPU.ActiveCfg = Release|Any CPU
		{E4A0CFC3-B095-45DD-A174-7728C0180882}.Release|Any CPU.Build.0 = Release|Any CPU
		{6684B0B8-7A1F-45A5-9F04-717C57407F18}.Debug|Any CPU.ActiveCfg = Debug|Any CPU
		{6684B0B8-7A1F-45A5-9F04-717C57407F18}.Debug|Any CPU.Build.0 = Debug|Any CPU
		{6684B0B8-7A1F-45A5-9F04-717C57407F18}.Release|Any CPU.ActiveCfg = Release|Any CPU
		{6684B0B8-7A1F-45A5-9F04-717C57407F18}.Release|Any CPU.Build.0 = Release|Any CPU
		{2FD1F2A6-2320-44A3-8303-7F577179F113}.Debug|Any CPU.ActiveCfg = Debug|Any CPU
		{2FD1F2A6-2320-44A3-8303-7F577179F113}.Debug|Any CPU.Build.0 = Debug|Any CPU
		{2FD1F2A6-2320-44A3-8303-7F577179F113}.Release|Any CPU.ActiveCfg = Release|Any CPU
		{2FD1F2A6-2320-44A3-8303-7F577179F113}.Release|Any CPU.Build.0 = Release|Any CPU
		{CCC6B15D-98EA-4642-AB0B-B2B171250362}.Debug|Any CPU.ActiveCfg = Debug|Any CPU
		{CCC6B15D-98EA-4642-AB0B-B2B171250362}.Debug|Any CPU.Build.0 = Debug|Any CPU
		{CCC6B15D-98EA-4642-AB0B-B2B171250362}.Release|Any CPU.ActiveCfg = Release|Any CPU
		{CCC6B15D-98EA-4642-AB0B-B2B171250362}.Release|Any CPU.Build.0 = Release|Any CPU
	EndGlobalSection
	GlobalSection(SolutionProperties) = preSolution
		HideSolutionNode = FALSE
	EndGlobalSection
	GlobalSection(NestedProjects) = preSolution
		{E4A0CFC3-B095-45DD-A174-7728C0180882} = {F92F513F-1A1A-4971-AE63-3A125B5A35A4}
		{6684B0B8-7A1F-45A5-9F04-717C57407F18} = {D3177C9F-AFCD-4E25-8B73-81751E8ABB40}
		{2FD1F2A6-2320-44A3-8303-7F577179F113} = {D3177C9F-AFCD-4E25-8B73-81751E8ABB40}
		{CCC6B15D-98EA-4642-AB0B-B2B171250362} = {8BB52108-DE7C-409E-A01D-8DFC8EAA0649}
	EndGlobalSection
	GlobalSection(ExtensibilityGlobals) = postSolution
		SolutionGuid = {4A6F7FD4-FF5D-47D5-8107-4035272B169D}
	EndGlobalSection
EndGlobal
